
Microsoft Visual Studio Solution File, Format Version 12.00
# Visual Studio 15
VisualStudioVersion = 15.0.27428.2037
MinimumVisualStudioVersion = 10.0.40219.1
Project("{FAE04EC0-301F-11D3-BF4B-00C04F79EFBC}") = "cleanrobot", "cleanrobot\cleanrobot.csproj", "{76533401-3087-4A6F-9F92-D23A0676A8CB}"
EndProject
Global
	GlobalSection(SolutionConfigurationPlatforms) = preSolution
		Debug|Any CPU = Debug|Any CPU
		Release|Any CPU = Release|Any CPU
	EndGlobalSection
	GlobalSection(ProjectConfigurationPlatforms) = postSolution
		{76533401-3087-4A6F-9F92-D23A0676A8CB}.Debug|Any CPU.ActiveCfg = Debug|Any CPU
		{76533401-3087-4A6F-9F92-D23A0676A8CB}.Debug|Any CPU.Build.0 = Debug|Any CPU
		{76533401-3087-4A6F-9F92-D23A0676A8CB}.Release|Any CPU.ActiveCfg = Release|Any CPU
		{76533401-3087-4A6F-9F92-D23A0676A8CB}.Release|Any CPU.Build.0 = Release|Any CPU
	EndGlobalSection
	GlobalSection(SolutionProperties) = preSolution
		HideSolutionNode = FALSE
	EndGlobalSection
	GlobalSection(ExtensibilityGlobals) = postSolution
		SolutionGuid = {6F83A981-029E-4569-A807-DF28EBD3E33F}
	EndGlobalSection
EndGlobal
